
Microsoft Visual Studio Solution File, Format Version 12.00
# Visual Studio Version 16
VisualStudioVersion = 16.0.30517.126
MinimumVisualStudioVersion = 10.0.40219.1
Project("{F184B08F-C81C-45F6-A57F-5ABD9991F28F}") = "FizzBuzz", "FizzBuzz.vbproj", "{15D06C57-0BF0-43AF-B9E8-F462A8F06CA5}"
EndProject
Global
	GlobalSection(SolutionConfigurationPlatforms) = preSolution
		Debug|Any CPU = Debug|Any CPU
		Release|Any CPU = Release|Any CPU
	EndGlobalSection
	GlobalSection(ProjectConfigurationPlatforms) = postSolution
		{15D06C57-0BF0-43AF-B9E8-F462A8F06CA5}.Debug|Any CPU.ActiveCfg = Debug|Any CPU
		{15D06C57-0BF0-43AF-B9E8-F462A8F06CA5}.Debug|Any CPU.Build.0 = Debug|Any CPU
		{15D06C57-0BF0-43AF-B9E8-F462A8F06CA5}.Release|Any CPU.ActiveCfg = Release|Any CPU
		{15D06C57-0BF0-43AF-B9E8-F462A8F06CA5}.Release|Any CPU.Build.0 = Release|Any CPU
	EndGlobalSection
	GlobalSection(SolutionProperties) = preSolution
		HideSolutionNode = FALSE
	EndGlobalSection
	GlobalSection(ExtensibilityGlobals) = postSolution
		SolutionGuid = {42605E54-2190-4B64-9285-C858E294B6AF}
	EndGlobalSection
EndGlobal
